
Microsoft Visual Studio Solution File, Format Version 12.00
# Visual Studio Version 16
VisualStudioVersion = 16.0.29020.237
MinimumVisualStudioVersion = 10.0.40219.1
Project("{9092AA53-FB77-4645-B42D-1CCCA6BD08BD}") = "introductionJS1", "introductionJS1.njsproj", "{1DACFA55-DF78-42EA-B823-467636C1C55E}"
EndProject
Global
	GlobalSection(SolutionConfigurationPlatforms) = preSolution
		Debug|Any CPU = Debug|Any CPU
		Release|Any CPU = Release|Any CPU
	EndGlobalSection
	GlobalSection(ProjectConfigurationPlatforms) = postSolution
		{1DACFA55-DF78-42EA-B823-467636C1C55E}.Debug|Any CPU.ActiveCfg = Debug|Any CPU
		{1DACFA55-DF78-42EA-B823-467636C1C55E}.Debug|Any CPU.Build.0 = Debug|Any CPU
		{1DACFA55-DF78-42EA-B823-467636C1C55E}.Release|Any CPU.ActiveCfg = Release|Any CPU
		{1DACFA55-DF78-42EA-B823-467636C1C55E}.Release|Any CPU.Build.0 = Release|Any CPU
	EndGlobalSection
	GlobalSection(SolutionProperties) = preSolution
		HideSolutionNode = FALSE
	EndGlobalSection
	GlobalSection(ExtensibilityGlobals) = postSolution
		SolutionGuid = {448BEFBA-9850-4F47-9E14-30E0FE7F8F3F}
	EndGlobalSection
EndGlobal
