
Microsoft Visual Studio Solution File, Format Version 12.00
# Visual Studio Version 16
VisualStudioVersion = 16.0.29020.237
MinimumVisualStudioVersion = 10.0.40219.1
Project("{9092AA53-FB77-4645-B42D-1CCCA6BD08BD}") = "scope4", "scope4.njsproj", "{AA0C39F1-3B33-4CCE-8220-5DF2A74A7880}"
EndProject
Global
	GlobalSection(SolutionConfigurationPlatforms) = preSolution
		Debug|Any CPU = Debug|Any CPU
		Release|Any CPU = Release|Any CPU
	EndGlobalSection
	GlobalSection(ProjectConfigurationPlatforms) = postSolution
		{AA0C39F1-3B33-4CCE-8220-5DF2A74A7880}.Debug|Any CPU.ActiveCfg = Debug|Any CPU
		{AA0C39F1-3B33-4CCE-8220-5DF2A74A7880}.Debug|Any CPU.Build.0 = Debug|Any CPU
		{AA0C39F1-3B33-4CCE-8220-5DF2A74A7880}.Release|Any CPU.ActiveCfg = Release|Any CPU
		{AA0C39F1-3B33-4CCE-8220-5DF2A74A7880}.Release|Any CPU.Build.0 = Release|Any CPU
	EndGlobalSection
	GlobalSection(SolutionProperties) = preSolution
		HideSolutionNode = FALSE
	EndGlobalSection
	GlobalSection(ExtensibilityGlobals) = postSolution
		SolutionGuid = {B5E1B452-EC4F-4642-B330-022411B00E15}
	EndGlobalSection
EndGlobal
