
Microsoft Visual Studio Solution File, Format Version 12.00
# Visual Studio Version 16
VisualStudioVersion = 16.0.29020.237
MinimumVisualStudioVersion = 10.0.40219.1
Project("{9092AA53-FB77-4645-B42D-1CCCA6BD08BD}") = "functions3", "functions3.njsproj", "{B8774F31-204A-4A02-8D28-9DB01D35D909}"
EndProject
Global
	GlobalSection(SolutionConfigurationPlatforms) = preSolution
		Debug|Any CPU = Debug|Any CPU
		Release|Any CPU = Release|Any CPU
	EndGlobalSection
	GlobalSection(ProjectConfigurationPlatforms) = postSolution
		{B8774F31-204A-4A02-8D28-9DB01D35D909}.Debug|Any CPU.ActiveCfg = Debug|Any CPU
		{B8774F31-204A-4A02-8D28-9DB01D35D909}.Debug|Any CPU.Build.0 = Debug|Any CPU
		{B8774F31-204A-4A02-8D28-9DB01D35D909}.Release|Any CPU.ActiveCfg = Release|Any CPU
		{B8774F31-204A-4A02-8D28-9DB01D35D909}.Release|Any CPU.Build.0 = Release|Any CPU
	EndGlobalSection
	GlobalSection(SolutionProperties) = preSolution
		HideSolutionNode = FALSE
	EndGlobalSection
	GlobalSection(ExtensibilityGlobals) = postSolution
		SolutionGuid = {4FA3E359-F5FF-4121-9C7A-EB4E03CDCF66}
	EndGlobalSection
EndGlobal
