
Microsoft Visual Studio Solution File, Format Version 12.00
# Visual Studio Version 16
VisualStudioVersion = 16.0.29020.237
MinimumVisualStudioVersion = 10.0.40219.1
Project("{9092AA53-FB77-4645-B42D-1CCCA6BD08BD}") = "objects8", "objects8.njsproj", "{F760C052-15A9-4DD0-B9C6-7577D3981365}"
EndProject
Global
	GlobalSection(SolutionConfigurationPlatforms) = preSolution
		Debug|Any CPU = Debug|Any CPU
		Release|Any CPU = Release|Any CPU
	EndGlobalSection
	GlobalSection(ProjectConfigurationPlatforms) = postSolution
		{F760C052-15A9-4DD0-B9C6-7577D3981365}.Debug|Any CPU.ActiveCfg = Debug|Any CPU
		{F760C052-15A9-4DD0-B9C6-7577D3981365}.Debug|Any CPU.Build.0 = Debug|Any CPU
		{F760C052-15A9-4DD0-B9C6-7577D3981365}.Release|Any CPU.ActiveCfg = Release|Any CPU
		{F760C052-15A9-4DD0-B9C6-7577D3981365}.Release|Any CPU.Build.0 = Release|Any CPU
	EndGlobalSection
	GlobalSection(SolutionProperties) = preSolution
		HideSolutionNode = FALSE
	EndGlobalSection
	GlobalSection(ExtensibilityGlobals) = postSolution
		SolutionGuid = {DE5C9044-B407-4BBD-98DE-FB2452A62FFB}
	EndGlobalSection
EndGlobal
