
Microsoft Visual Studio Solution File, Format Version 12.00
# Visual Studio Version 16
VisualStudioVersion = 16.0.29020.237
MinimumVisualStudioVersion = 10.0.40219.1
Project("{9092AA53-FB77-4645-B42D-1CCCA6BD08BD}") = "advancedObjects8", "advancedObjects8.njsproj", "{1ABBD0E0-4C06-472E-9751-F4EC7F33E2E9}"
EndProject
Global
	GlobalSection(SolutionConfigurationPlatforms) = preSolution
		Debug|Any CPU = Debug|Any CPU
		Release|Any CPU = Release|Any CPU
	EndGlobalSection
	GlobalSection(ProjectConfigurationPlatforms) = postSolution
		{1ABBD0E0-4C06-472E-9751-F4EC7F33E2E9}.Debug|Any CPU.ActiveCfg = Debug|Any CPU
		{1ABBD0E0-4C06-472E-9751-F4EC7F33E2E9}.Debug|Any CPU.Build.0 = Debug|Any CPU
		{1ABBD0E0-4C06-472E-9751-F4EC7F33E2E9}.Release|Any CPU.ActiveCfg = Release|Any CPU
		{1ABBD0E0-4C06-472E-9751-F4EC7F33E2E9}.Release|Any CPU.Build.0 = Release|Any CPU
	EndGlobalSection
	GlobalSection(SolutionProperties) = preSolution
		HideSolutionNode = FALSE
	EndGlobalSection
	GlobalSection(ExtensibilityGlobals) = postSolution
		SolutionGuid = {F546ECC8-C9CE-413C-BA61-B0E0543F33A8}
	EndGlobalSection
EndGlobal
